Microsoft Visual Studio Solution File, Format Version 11.00
# Visual Studio 2008

Project("{13A3BE9D-26EF-55E2-639C-4ECA27C523D8}") = "Ping Pong Game", "Assembly-CSharp.csproj", "{EB13FF42-6112-1850-99B2-70E191155D6C}"
EndProject
Global
	GlobalSection(SolutionConfigurationPlatforms) = preSolution
		Debug|Any CPU = Debug|Any CPU
		Release|Any CPU = Release|Any CPU
	EndGlobalSection
	GlobalSection(ProjectConfigurationPlatforms) = postSolution
		{EB13FF42-6112-1850-99B2-70E191155D6C}.Debug|Any CPU.ActiveCfg = Debug|Any CPU
		{EB13FF42-6112-1850-99B2-70E191155D6C}.Debug|Any CPU.Build.0 = Debug|Any CPU
		{EB13FF42-6112-1850-99B2-70E191155D6C}.Release|Any CPU.ActiveCfg = Release|Any CPU
		{EB13FF42-6112-1850-99B2-70E191155D6C}.Release|Any CPU.Build.0 = Release|Any CPU
	EndGlobalSection
	GlobalSection(SolutionProperties) = preSolution
		HideSolutionNode = FALSE
	EndGlobalSection
	GlobalSection(MonoDevelopProperties) = preSolution
		StartupItem = Assembly-CSharp.csproj
	EndGlobalSection
EndGlobal
